GIT
  remote: https://github.com/heroku/hatchet.git
  revision: 53655a3b5a33c92560aef360d558c6f812a5b679
  branch: timeouts-etc
  specs:
    heroku_hatchet (7.4.0)
      excon (~> 0)
      platform-api (~> 3)
      rrrretry (~> 1)
      thor (~> 1)
      threaded (~> 0)

GEM
  remote: https://rubygems.org/
  specs:
    diff-lcs (1.4.4)
    erubis (2.7.0)
    excon (0.79.0)
    heroics (0.1.2)
      erubis (~> 2.0)
      excon
      moneta
      multi_json (>= 1.9.2)
      webrick
    moneta (1.0.0)
    multi_json (1.15.0)
    parallel (1.20.1)
    parallel_tests (3.5.0)
      parallel
    platform-api (3.3.0)
      heroics (~> 0.1.1)
      moneta (~> 1.0.0)
      rate_throttle_client (~> 0.1.0)
    rake (13.0.3)
    rate_throttle_client (0.1.2)
    rrrretry (1.0.0)
    rspec-core (3.10.1)
      rspec-support (~> 3.10.0)
    rspec-expectations (3.10.1)
      diff-lcs (>= 1.2.0, < 2.0)
      rspec-support (~> 3.10.0)
    rspec-retry (0.6.2)
      rspec-core (> 3.3)
    rspec-support (3.10.2)
    sem_version (2.0.1)
    thor (1.1.0)
    threaded (0.0.4)
    webrick (1.7.0)

PLATFORMS
  ruby

DEPENDENCIES
  heroku_hatchet!
  parallel_tests
  rake
  rspec-expectations
  rspec-retry
  sem_version

BUNDLED WITH
   1.17.3
