{
    "_readme": [
        "This file locks the dependencies of your project to a known state",
        "Read more about it at https://getcomposer.org/doc/01-basic-usage.md#installing-dependencies",
        "This file is @generated automatically"
    ],
    "content-hash": "472c0fe020d93c0e281898de7626dfaf",
    "packages": [],
    "packages-dev": [
        {
            "name": "atoum/atoum",
            "version": "4.2.0",
            "source": {
                "type": "git",
                "url": "https://github.com/atoum/atoum.git",
                "reference": "fd9a339de252ea774ab755b3fd25dd19be2dbefb"
            },
            "dist": {
                "type": "zip",
                "url": "https://api.github.com/repos/atoum/atoum/zipball/fd9a339de252ea774ab755b3fd25dd19be2dbefb",
                "reference": "fd9a339de252ea774ab755b3fd25dd19be2dbefb",
                "shasum": ""
            },
            "require": {
                "ext-hash": "*",
                "ext-json": "*",
                "ext-tokenizer": "*",
                "ext-xml": "*",
                "php": "^8.0"
            },
            "replace": {
                "mageekguy/atoum": "*"
            },
            "require-dev": {
                "friendsofphp/php-cs-fixer": "^3.2"
            },
            "suggest": {
                "atoum/stubs": "Provides IDE support (like autocompletion) for atoum",
                "ext-mbstring": "Provides support for UTF-8 strings",
                "ext-xdebug": "Provides code coverage report (>= 2.3)"
            },
            "bin": [
                "bin/atoum"
            ],
            "type": "library",
            "extra": {
                "branch-alias": {
                    "dev-master": "4.x-dev"
                }
            },
            "autoload": {
                "classmap": [
                    "classes/"
                ]
            },
            "notification-url": "https://packagist.org/downloads/",
            "license": [
                "BSD-3-Clause"
            ],
            "authors": [
                {
                    "name": "Frédéric Hardy",
                    "email": "frederic.hardy@atoum.org",
                    "homepage": "http://blog.mageekbox.net"
                },
                {
                    "name": "François Dussert",
                    "email": "francois.dussert@atoum.org"
                },
                {
                    "name": "Gérald Croes",
                    "email": "gerald.croes@atoum.org"
                },
                {
                    "name": "Julien Bianchi",
                    "email": "julien.bianchi@atoum.org"
                },
                {
                    "name": "Ludovic Fleury",
                    "email": "ludovic.fleury@atoum.org"
                }
            ],
            "description": "Simple modern and intuitive unit testing framework for PHP 5.3+",
            "homepage": "http://www.atoum.org",
            "keywords": [
                "TDD",
                "atoum",
                "test",
                "unit testing"
            ],
            "support": {
                "issues": "https://github.com/atoum/atoum/issues",
                "source": "https://github.com/atoum/atoum/tree/4.2.0"
            },
            "time": "2023-07-30T12:52:23+00:00"
        }
    ],
    "aliases": [],
    "minimum-stability": "stable",
    "stability-flags": [],
    "prefer-stable": false,
    "prefer-lowest": false,
    "platform": {
        "php": "*"
    },
    "platform-dev": [],
    "plugin-api-version": "2.6.0"
}
