{
    "_readme": [
        "This file locks the dependencies of your project to a known state",
        "Read more about it at https://getcomposer.org/doc/01-basic-usage.md#installing-dependencies",
        "This file is @generated automatically"
    ],
    "content-hash": "9695543fbe66ebdb43110fd212523297",
    "packages": [
        {
            "name": "my-polyfill/blackfire",
            "version": "1.0.0",
            "require": {
                "php": "*"
            },
            "provide": {
                "ext-blackfire": "1.99.0"
            },
            "type": "metapackage"
        }
    ],
    "packages-dev": [],
    "aliases": [],
    "minimum-stability": "stable",
    "stability-flags": {},
    "prefer-stable": false,
    "prefer-lowest": false,
    "platform": {
        "php": "*"
    },
    "platform-dev": {},
    "plugin-api-version": "2.6.0"
}
