{
    "_readme": [
        "This file locks the dependencies of your project to a known state",
        "Read more about it at https://getcomposer.org/doc/01-basic-usage.md#installing-dependencies",
        "This file is @generated automatically"
    ],
    "content-hash": "cc5b599e6d883faad75eab9ee2a422e6",
    "packages": [],
    "packages-dev": [
        {
            "name": "doctrine/instantiator",
            "version": "1.3.1",
            "source": {
                "type": "git",
                "url": "https://github.com/doctrine/instantiator.git",
                "reference": "f350df0268e904597e3bd9c4685c53e0e333feea"
            },
            "dist": {
                "type": "zip",
                "url": "https://api.github.com/repos/doctrine/instantiator/zipball/f350df0268e904597e3bd9c4685c53e0e333feea",
                "reference": "f350df0268e904597e3bd9c4685c53e0e333feea",
                "shasum": ""
            },
            "require": {
                "php": "^7.1 || ^8.0"
            },
            "require-dev": {
                "doctrine/coding-standard": "^6.0",
                "ext-pdo": "*",
                "ext-phar": "*",
                "phpbench/phpbench": "^0.13",
                "phpstan/phpstan-phpunit": "^0.11",
                "phpstan/phpstan-shim": "^0.11",
                "phpunit/phpunit": "^7.0"
            },
            "type": "library",
            "extra": {
                "branch-alias": {
                    "dev-master": "1.2.x-dev"
                }
            },
            "autoload": {
                "psr-4": {
                    "Doctrine\\Instantiator\\": "src/Doctrine/Instantiator/"
                }
            },
            "notification-url": "https://packagist.org/downloads/",
            "license": [
                "MIT"
            ],
            "authors": [
                {
                    "name": "Marco Pivetta",
                    "email": "ocramius@gmail.com",
                    "homepage": "http://ocramius.github.com/"
                }
            ],
            "description": "A small, lightweight utility to instantiate objects in PHP without invoking their constructors",
            "homepage": "https://www.doctrine-project.org/projects/instantiator.html",
            "keywords": [
                "constructor",
                "instantiate"
            ],
            "time": "2020-05-29T17:27:14+00:00"
        },
        {
            "name": "phpdocumentor/reflection-common",
            "version": "2.2.0",
            "source": {
                "type": "git",
                "url": "https://github.com/phpDocumentor/ReflectionCommon.git",
                "reference": "1d01c49d4ed62f25aa84a747ad35d5a16924662b"
            },
            "dist": {
                "type": "zip",
                "url": "https://api.github.com/repos/phpDocumentor/ReflectionCommon/zipball/1d01c49d4ed62f25aa84a747ad35d5a16924662b",
                "reference": "1d01c49d4ed62f25aa84a747ad35d5a16924662b",
                "shasum": ""
            },
            "require": {
                "php": "^7.2 || ^8.0"
            },
            "type": "library",
            "extra": {
                "branch-alias": {
                    "dev-2.x": "2.x-dev"
                }
            },
            "autoload": {
                "psr-4": {
                    "phpDocumentor\\Reflection\\": "src/"
                }
            },
            "notification-url": "https://packagist.org/downloads/",
            "license": [
                "MIT"
            ],
            "authors": [
                {
                    "name": "Jaap van Otterdijk",
                    "email": "opensource@ijaap.nl"
                }
            ],
            "description": "Common reflection classes used by phpdocumentor to reflect the code structure",
            "homepage": "http://www.phpdoc.org",
            "keywords": [
                "FQSEN",
                "phpDocumentor",
                "phpdoc",
                "reflection",
                "static analysis"
            ],
            "time": "2020-06-27T09:03:43+00:00"
        },
        {
            "name": "phpdocumentor/reflection-docblock",
            "version": "5.1.0",
            "source": {
                "type": "git",
                "url": "https://github.com/phpDocumentor/ReflectionDocBlock.git",
                "reference": "cd72d394ca794d3466a3b2fc09d5a6c1dc86b47e"
            },
            "dist": {
                "type": "zip",
                "url": "https://api.github.com/repos/phpDocumentor/ReflectionDocBlock/zipball/cd72d394ca794d3466a3b2fc09d5a6c1dc86b47e",
                "reference": "cd72d394ca794d3466a3b2fc09d5a6c1dc86b47e",
                "shasum": ""
            },
            "require": {
                "ext-filter": "^7.1",
                "php": "^7.2",
                "phpdocumentor/reflection-common": "^2.0",
                "phpdocumentor/type-resolver": "^1.0",
                "webmozart/assert": "^1"
            },
            "require-dev": {
                "doctrine/instantiator": "^1",
                "mockery/mockery": "^1"
            },
            "type": "library",
            "extra": {
                "branch-alias": {
                    "dev-master": "5.x-dev"
                }
            },
            "autoload": {
                "psr-4": {
                    "phpDocumentor\\Reflection\\": "src"
                }
            },
            "notification-url": "https://packagist.org/downloads/",
            "license": [
                "MIT"
            ],
            "authors": [
                {
                    "name": "Mike van Riel",
                    "email": "me@mikevanriel.com"
                },
                {
                    "name": "Jaap van Otterdijk",
                    "email": "account@ijaap.nl"
                }
            ],
            "description": "With this component, a library can provide support for annotations via DocBlocks or otherwise retrieve information that is embedded in a DocBlock.",
            "time": "2020-02-22T12:28:44+00:00"
        },
        {
            "name": "phpdocumentor/type-resolver",
            "version": "1.3.0",
            "source": {
                "type": "git",
                "url": "https://github.com/phpDocumentor/TypeResolver.git",
                "reference": "e878a14a65245fbe78f8080eba03b47c3b705651"
            },
            "dist": {
                "type": "zip",
                "url": "https://api.github.com/repos/phpDocumentor/TypeResolver/zipball/e878a14a65245fbe78f8080eba03b47c3b705651",
                "reference": "e878a14a65245fbe78f8080eba03b47c3b705651",
                "shasum": ""
            },
            "require": {
                "php": "^7.2 || ^8.0",
                "phpdocumentor/reflection-common": "^2.0"
            },
            "require-dev": {
                "ext-tokenizer": "*"
            },
            "type": "library",
            "extra": {
                "branch-alias": {
                    "dev-1.x": "1.x-dev"
                }
            },
            "autoload": {
                "psr-4": {
                    "phpDocumentor\\Reflection\\": "src"
                }
            },
            "notification-url": "https://packagist.org/downloads/",
            "license": [
                "MIT"
            ],
            "authors": [
                {
                    "name": "Mike van Riel",
                    "email": "me@mikevanriel.com"
                }
            ],
            "description": "A PSR-5 based resolver of Class names, Types and Structural Element Names",
            "time": "2020-06-27T10:12:23+00:00"
        },
        {
            "name": "phpspec/php-diff",
            "version": "v1.1.0",
            "source": {
                "type": "git",
                "url": "https://github.com/phpspec/php-diff.git",
                "reference": "0464787bfa7cd13576c5a1e318709768798bec6a"
            },
            "dist": {
                "type": "zip",
                "url": "https://api.github.com/repos/phpspec/php-diff/zipball/0464787bfa7cd13576c5a1e318709768798bec6a",
                "reference": "0464787bfa7cd13576c5a1e318709768798bec6a",
                "shasum": ""
            },
            "type": "library",
            "extra": {
                "branch-alias": {
                    "dev-master": "1.0.x-dev"
                }
            },
            "autoload": {
                "psr-0": {
                    "Diff": "lib/"
                }
            },
            "notification-url": "https://packagist.org/downloads/",
            "license": [
                "BSD-3-Clause"
            ],
            "authors": [
                {
                    "name": "Chris Boulton",
                    "homepage": "http://github.com/chrisboulton"
                }
            ],
            "description": "A comprehensive library for generating differences between two hashable objects (strings or arrays).",
            "time": "2016-04-07T12:29:16+00:00"
        },
        {
            "name": "phpspec/phpspec",
            "version": "5.1.2",
            "source": {
                "type": "git",
                "url": "https://github.com/phpspec/phpspec.git",
                "reference": "ff4119650a76de25eb674530547f1924082d3703"
            },
            "dist": {
                "type": "zip",
                "url": "https://api.github.com/repos/phpspec/phpspec/zipball/ff4119650a76de25eb674530547f1924082d3703",
                "reference": "ff4119650a76de25eb674530547f1924082d3703",
                "shasum": ""
            },
            "require": {
                "doctrine/instantiator": "^1.0.5",
                "ext-tokenizer": "*",
                "php": "^7.1, <7.4",
                "phpspec/php-diff": "^1.0.0",
                "phpspec/prophecy": "^1.7",
                "sebastian/exporter": "^1.0 || ^2.0 || ^3.0",
                "symfony/console": "^3.4 || ^4.0",
                "symfony/event-dispatcher": "^3.4 || ^4.0",
                "symfony/finder": "^3.4 || ^4.0",
                "symfony/process": "^3.4 || ^4.0",
                "symfony/yaml": "^3.4 || ^4.0"
            },
            "require-dev": {
                "behat/behat": "^3.3",
                "phpunit/phpunit": "^5.7 || ^6.0",
                "symfony/filesystem": "^3.4 || ^4.0"
            },
            "suggest": {
                "phpspec/nyan-formatters": "Adds Nyan formatters"
            },
            "bin": [
                "bin/phpspec"
            ],
            "type": "library",
            "extra": {
                "branch-alias": {
                    "dev-master": "5.1.x-dev"
                }
            },
            "autoload": {
                "psr-0": {
                    "PhpSpec": "src/"
                }
            },
            "notification-url": "https://packagist.org/downloads/",
            "license": [
                "MIT"
            ],
            "authors": [
                {
                    "name": "Konstantin Kudryashov",
                    "email": "ever.zet@gmail.com",
                    "homepage": "http://everzet.com"
                },
                {
                    "name": "Marcello Duarte",
                    "homepage": "http://marcelloduarte.net/"
                },
                {
                    "name": "Ciaran McNulty",
                    "homepage": "https://ciaranmcnulty.com/"
                }
            ],
            "description": "Specification-oriented BDD framework for PHP 7.1+",
            "homepage": "http://phpspec.net/",
            "keywords": [
                "BDD",
                "SpecBDD",
                "TDD",
                "spec",
                "specification",
                "testing",
                "tests"
            ],
            "time": "2019-10-02T09:45:39+00:00"
        },
        {
            "name": "phpspec/prophecy",
            "version": "1.11.1",
            "source": {
                "type": "git",
                "url": "https://github.com/phpspec/prophecy.git",
                "reference": "b20034be5efcdab4fb60ca3a29cba2949aead160"
            },
            "dist": {
                "type": "zip",
                "url": "https://api.github.com/repos/phpspec/prophecy/zipball/b20034be5efcdab4fb60ca3a29cba2949aead160",
                "reference": "b20034be5efcdab4fb60ca3a29cba2949aead160",
                "shasum": ""
            },
            "require": {
                "doctrine/instantiator": "^1.2",
                "php": "^7.2",
                "phpdocumentor/reflection-docblock": "^5.0",
                "sebastian/comparator": "^3.0 || ^4.0",
                "sebastian/recursion-context": "^3.0 || ^4.0"
            },
            "require-dev": {
                "phpspec/phpspec": "^6.0",
                "phpunit/phpunit": "^8.0"
            },
            "type": "library",
            "extra": {
                "branch-alias": {
                    "dev-master": "1.11.x-dev"
                }
            },
            "autoload": {
                "psr-4": {
                    "Prophecy\\": "src/Prophecy"
                }
            },
            "notification-url": "https://packagist.org/downloads/",
            "license": [
                "MIT"
            ],
            "authors": [
                {
                    "name": "Konstantin Kudryashov",
                    "email": "ever.zet@gmail.com",
                    "homepage": "http://everzet.com"
                },
                {
                    "name": "Marcello Duarte",
                    "email": "marcello.duarte@gmail.com"
                }
            ],
            "description": "Highly opinionated mocking framework for PHP 5.3+",
            "homepage": "https://github.com/phpspec/prophecy",
            "keywords": [
                "Double",
                "Dummy",
                "fake",
                "mock",
                "spy",
                "stub"
            ],
            "time": "2020-07-08T12:44:21+00:00"
        },
        {
            "name": "psr/container",
            "version": "1.0.0",
            "source": {
                "type": "git",
                "url": "https://github.com/php-fig/container.git",
                "reference": "b7ce3b176482dbbc1245ebf52b181af44c2cf55f"
            },
            "dist": {
                "type": "zip",
                "url": "https://api.github.com/repos/php-fig/container/zipball/b7ce3b176482dbbc1245ebf52b181af44c2cf55f",
                "reference": "b7ce3b176482dbbc1245ebf52b181af44c2cf55f",
                "shasum": ""
            },
            "require": {
                "php": ">=5.3.0"
            },
            "type": "library",
            "extra": {
                "branch-alias": {
                    "dev-master": "1.0.x-dev"
                }
            },
            "autoload": {
                "psr-4": {
                    "Psr\\Container\\": "src/"
                }
            },
            "notification-url": "https://packagist.org/downloads/",
            "license": [
                "MIT"
            ],
            "authors": [
                {
                    "name": "PHP-FIG",
                    "homepage": "http://www.php-fig.org/"
                }
            ],
            "description": "Common Container Interface (PHP FIG PSR-11)",
            "homepage": "https://github.com/php-fig/container",
            "keywords": [
                "PSR-11",
                "container",
                "container-interface",
                "container-interop",
                "psr"
            ],
            "time": "2017-02-14T16:28:37+00:00"
        },
        {
            "name": "sebastian/comparator",
            "version": "3.0.2",
            "source": {
                "type": "git",
                "url": "https://github.com/sebastianbergmann/comparator.git",
                "reference": "5de4fc177adf9bce8df98d8d141a7559d7ccf6da"
            },
            "dist": {
                "type": "zip",
                "url": "https://api.github.com/repos/sebastianbergmann/comparator/zipball/5de4fc177adf9bce8df98d8d141a7559d7ccf6da",
                "reference": "5de4fc177adf9bce8df98d8d141a7559d7ccf6da",
                "shasum": ""
            },
            "require": {
                "php": "^7.1",
                "sebastian/diff": "^3.0",
                "sebastian/exporter": "^3.1"
            },
            "require-dev": {
                "phpunit/phpunit": "^7.1"
            },
            "type": "library",
            "extra": {
                "branch-alias": {
                    "dev-master": "3.0-dev"
                }
            },
            "autoload": {
                "classmap": [
                    "src/"
                ]
            },
            "notification-url": "https://packagist.org/downloads/",
            "license": [
                "BSD-3-Clause"
            ],
            "authors": [
                {
                    "name": "Jeff Welch",
                    "email": "whatthejeff@gmail.com"
                },
                {
                    "name": "Volker Dusch",
                    "email": "github@wallbash.com"
                },
                {
                    "name": "Bernhard Schussek",
                    "email": "bschussek@2bepublished.at"
                },
                {
                    "name": "Sebastian Bergmann",
                    "email": "sebastian@phpunit.de"
                }
            ],
            "description": "Provides the functionality to compare PHP values for equality",
            "homepage": "https://github.com/sebastianbergmann/comparator",
            "keywords": [
                "comparator",
                "compare",
                "equality"
            ],
            "time": "2018-07-12T15:12:46+00:00"
        },
        {
            "name": "sebastian/diff",
            "version": "3.0.2",
            "source": {
                "type": "git",
                "url": "https://github.com/sebastianbergmann/diff.git",
                "reference": "720fcc7e9b5cf384ea68d9d930d480907a0c1a29"
            },
            "dist": {
                "type": "zip",
                "url": "https://api.github.com/repos/sebastianbergmann/diff/zipball/720fcc7e9b5cf384ea68d9d930d480907a0c1a29",
                "reference": "720fcc7e9b5cf384ea68d9d930d480907a0c1a29",
                "shasum": ""
            },
            "require": {
                "php": "^7.1"
            },
            "require-dev": {
                "phpunit/phpunit": "^7.5 || ^8.0",
                "symfony/process": "^2 || ^3.3 || ^4"
            },
            "type": "library",
            "extra": {
                "branch-alias": {
                    "dev-master": "3.0-dev"
                }
            },
            "autoload": {
                "classmap": [
                    "src/"
                ]
            },
            "notification-url": "https://packagist.org/downloads/",
            "license": [
                "BSD-3-Clause"
            ],
            "authors": [
                {
                    "name": "Kore Nordmann",
                    "email": "mail@kore-nordmann.de"
                },
                {
                    "name": "Sebastian Bergmann",
                    "email": "sebastian@phpunit.de"
                }
            ],
            "description": "Diff implementation",
            "homepage": "https://github.com/sebastianbergmann/diff",
            "keywords": [
                "diff",
                "udiff",
                "unidiff",
                "unified diff"
            ],
            "time": "2019-02-04T06:01:07+00:00"
        },
        {
            "name": "sebastian/exporter",
            "version": "3.1.2",
            "source": {
                "type": "git",
                "url": "https://github.com/sebastianbergmann/exporter.git",
                "reference": "68609e1261d215ea5b21b7987539cbfbe156ec3e"
            },
            "dist": {
                "type": "zip",
                "url": "https://api.github.com/repos/sebastianbergmann/exporter/zipball/68609e1261d215ea5b21b7987539cbfbe156ec3e",
                "reference": "68609e1261d215ea5b21b7987539cbfbe156ec3e",
                "shasum": ""
            },
            "require": {
                "php": "^7.0",
                "sebastian/recursion-context": "^3.0"
            },
            "require-dev": {
                "ext-mbstring": "*",
                "phpunit/phpunit": "^6.0"
            },
            "type": "library",
            "extra": {
                "branch-alias": {
                    "dev-master": "3.1.x-dev"
                }
            },
            "autoload": {
                "classmap": [
                    "src/"
                ]
            },
            "notification-url": "https://packagist.org/downloads/",
            "license": [
                "BSD-3-Clause"
            ],
            "authors": [
                {
                    "name": "Sebastian Bergmann",
                    "email": "sebastian@phpunit.de"
                },
                {
                    "name": "Jeff Welch",
                    "email": "whatthejeff@gmail.com"
                },
                {
                    "name": "Volker Dusch",
                    "email": "github@wallbash.com"
                },
                {
                    "name": "Adam Harvey",
                    "email": "aharvey@php.net"
                },
                {
                    "name": "Bernhard Schussek",
                    "email": "bschussek@gmail.com"
                }
            ],
            "description": "Provides the functionality to export PHP variables for visualization",
            "homepage": "http://www.github.com/sebastianbergmann/exporter",
            "keywords": [
                "export",
                "exporter"
            ],
            "time": "2019-09-14T09:02:43+00:00"
        },
        {
            "name": "sebastian/recursion-context",
            "version": "3.0.0",
            "source": {
                "type": "git",
                "url": "https://github.com/sebastianbergmann/recursion-context.git",
                "reference": "5b0cd723502bac3b006cbf3dbf7a1e3fcefe4fa8"
            },
            "dist": {
                "type": "zip",
                "url": "https://api.github.com/repos/sebastianbergmann/recursion-context/zipball/5b0cd723502bac3b006cbf3dbf7a1e3fcefe4fa8",
                "reference": "5b0cd723502bac3b006cbf3dbf7a1e3fcefe4fa8",
                "shasum": ""
            },
            "require": {
                "php": "^7.0"
            },
            "require-dev": {
                "phpunit/phpunit": "^6.0"
            },
            "type": "library",
            "extra": {
                "branch-alias": {
                    "dev-master": "3.0.x-dev"
                }
            },
            "autoload": {
                "classmap": [
                    "src/"
                ]
            },
            "notification-url": "https://packagist.org/downloads/",
            "license": [
                "BSD-3-Clause"
            ],
            "authors": [
                {
                    "name": "Jeff Welch",
                    "email": "whatthejeff@gmail.com"
                },
                {
                    "name": "Sebastian Bergmann",
                    "email": "sebastian@phpunit.de"
                },
                {
                    "name": "Adam Harvey",
                    "email": "aharvey@php.net"
                }
            ],
            "description": "Provides functionality to recursively process PHP variables",
            "homepage": "http://www.github.com/sebastianbergmann/recursion-context",
            "time": "2017-03-03T06:23:57+00:00"
        },
        {
            "name": "symfony/console",
            "version": "v4.4.10",
            "source": {
                "type": "git",
                "url": "https://github.com/symfony/console.git",
                "reference": "326b064d804043005526f5a0494cfb49edb59bb0"
            },
            "dist": {
                "type": "zip",
                "url": "https://api.github.com/repos/symfony/console/zipball/326b064d804043005526f5a0494cfb49edb59bb0",
                "reference": "326b064d804043005526f5a0494cfb49edb59bb0",
                "shasum": ""
            },
            "require": {
                "php": ">=7.1.3",
                "symfony/polyfill-mbstring": "~1.0",
                "symfony/polyfill-php73": "^1.8",
                "symfony/polyfill-php80": "^1.15",
                "symfony/service-contracts": "^1.1|^2"
            },
            "conflict": {
                "symfony/dependency-injection": "<3.4",
                "symfony/event-dispatcher": "<4.3|>=5",
                "symfony/lock": "<4.4",
                "symfony/process": "<3.3"
            },
            "provide": {
                "psr/log-implementation": "1.0"
            },
            "require-dev": {
                "psr/log": "~1.0",
                "symfony/config": "^3.4|^4.0|^5.0",
                "symfony/dependency-injection": "^3.4|^4.0|^5.0",
                "symfony/event-dispatcher": "^4.3",
                "symfony/lock": "^4.4|^5.0",
                "symfony/process": "^3.4|^4.0|^5.0",
                "symfony/var-dumper": "^4.3|^5.0"
            },
            "suggest": {
                "psr/log": "For using the console logger",
                "symfony/event-dispatcher": "",
                "symfony/lock": "",
                "symfony/process": ""
            },
            "type": "library",
            "extra": {
                "branch-alias": {
                    "dev-master": "4.4-dev"
                }
            },
            "autoload": {
                "psr-4": {
                    "Symfony\\Component\\Console\\": ""
                },
                "exclude-from-classmap": [
                    "/Tests/"
                ]
            },
            "notification-url": "https://packagist.org/downloads/",
            "license": [
                "MIT"
            ],
            "authors": [
                {
                    "name": "Fabien Potencier",
                    "email": "fabien@symfony.com"
                },
                {
                    "name": "Symfony Community",
                    "homepage": "https://symfony.com/contributors"
                }
            ],
            "description": "Symfony Console Component",
            "homepage": "https://symfony.com",
            "time": "2020-05-30T20:06:45+00:00"
        },
        {
            "name": "symfony/event-dispatcher",
            "version": "v4.4.10",
            "source": {
                "type": "git",
                "url": "https://github.com/symfony/event-dispatcher.git",
                "reference": "a5370aaa7807c7a439b21386661ffccf3dff2866"
            },
            "dist": {
                "type": "zip",
                "url": "https://api.github.com/repos/symfony/event-dispatcher/zipball/a5370aaa7807c7a439b21386661ffccf3dff2866",
                "reference": "a5370aaa7807c7a439b21386661ffccf3dff2866",
                "shasum": ""
            },
            "require": {
                "php": ">=7.1.3",
                "symfony/event-dispatcher-contracts": "^1.1"
            },
            "conflict": {
                "symfony/dependency-injection": "<3.4"
            },
            "provide": {
                "psr/event-dispatcher-implementation": "1.0",
                "symfony/event-dispatcher-implementation": "1.1"
            },
            "require-dev": {
                "psr/log": "~1.0",
                "symfony/config": "^3.4|^4.0|^5.0",
                "symfony/dependency-injection": "^3.4|^4.0|^5.0",
                "symfony/expression-language": "^3.4|^4.0|^5.0",
                "symfony/http-foundation": "^3.4|^4.0|^5.0",
                "symfony/service-contracts": "^1.1|^2",
                "symfony/stopwatch": "^3.4|^4.0|^5.0"
            },
            "suggest": {
                "symfony/dependency-injection": "",
                "symfony/http-kernel": ""
            },
            "type": "library",
            "extra": {
                "branch-alias": {
                    "dev-master": "4.4-dev"
                }
            },
            "autoload": {
                "psr-4": {
                    "Symfony\\Component\\EventDispatcher\\": ""
                },
                "exclude-from-classmap": [
                    "/Tests/"
                ]
            },
            "notification-url": "https://packagist.org/downloads/",
            "license": [
                "MIT"
            ],
            "authors": [
                {
                    "name": "Fabien Potencier",
                    "email": "fabien@symfony.com"
                },
                {
                    "name": "Symfony Community",
                    "homepage": "https://symfony.com/contributors"
                }
            ],
            "description": "Symfony EventDispatcher Component",
            "homepage": "https://symfony.com",
            "time": "2020-05-20T08:37:50+00:00"
        },
        {
            "name": "symfony/event-dispatcher-contracts",
            "version": "v1.1.9",
            "source": {
                "type": "git",
                "url": "https://github.com/symfony/event-dispatcher-contracts.git",
                "reference": "84e23fdcd2517bf37aecbd16967e83f0caee25a7"
            },
            "dist": {
                "type": "zip",
                "url": "https://api.github.com/repos/symfony/event-dispatcher-contracts/zipball/84e23fdcd2517bf37aecbd16967e83f0caee25a7",
                "reference": "84e23fdcd2517bf37aecbd16967e83f0caee25a7",
                "shasum": ""
            },
            "require": {
                "php": ">=7.1.3"
            },
            "suggest": {
                "psr/event-dispatcher": "",
                "symfony/event-dispatcher-implementation": ""
            },
            "type": "library",
            "extra": {
                "branch-alias": {
                    "dev-master": "1.1-dev"
                },
                "thanks": {
                    "name": "symfony/contracts",
                    "url": "https://github.com/symfony/contracts"
                }
            },
            "autoload": {
                "psr-4": {
                    "Symfony\\Contracts\\EventDispatcher\\": ""
                }
            },
            "notification-url": "https://packagist.org/downloads/",
            "license": [
                "MIT"
            ],
            "authors": [
                {
                    "name": "Nicolas Grekas",
                    "email": "p@tchwork.com"
                },
                {
                    "name": "Symfony Community",
                    "homepage": "https://symfony.com/contributors"
                }
            ],
            "description": "Generic abstractions related to dispatching event",
            "homepage": "https://symfony.com",
            "keywords": [
                "abstractions",
                "contracts",
                "decoupling",
                "interfaces",
                "interoperability",
                "standards"
            ],
            "time": "2020-07-06T13:19:58+00:00"
        },
        {
            "name": "symfony/finder",
            "version": "v4.4.10",
            "source": {
                "type": "git",
                "url": "https://github.com/symfony/finder.git",
                "reference": "5729f943f9854c5781984ed4907bbb817735776b"
            },
            "dist": {
                "type": "zip",
                "url": "https://api.github.com/repos/symfony/finder/zipball/5729f943f9854c5781984ed4907bbb817735776b",
                "reference": "5729f943f9854c5781984ed4907bbb817735776b",
                "shasum": ""
            },
            "require": {
                "php": "^7.1.3"
            },
            "type": "library",
            "extra": {
                "branch-alias": {
                    "dev-master": "4.4-dev"
                }
            },
            "autoload": {
                "psr-4": {
                    "Symfony\\Component\\Finder\\": ""
                },
                "exclude-from-classmap": [
                    "/Tests/"
                ]
            },
            "notification-url": "https://packagist.org/downloads/",
            "license": [
                "MIT"
            ],
            "authors": [
                {
                    "name": "Fabien Potencier",
                    "email": "fabien@symfony.com"
                },
                {
                    "name": "Symfony Community",
                    "homepage": "https://symfony.com/contributors"
                }
            ],
            "description": "Symfony Finder Component",
            "homepage": "https://symfony.com",
            "time": "2020-03-27T16:54:36+00:00"
        },
        {
            "name": "symfony/polyfill-ctype",
            "version": "v1.17.1",
            "source": {
                "type": "git",
                "url": "https://github.com/symfony/polyfill-ctype.git",
                "reference": "2edd75b8b35d62fd3eeabba73b26b8f1f60ce13d"
            },
            "dist": {
                "type": "zip",
                "url": "https://api.github.com/repos/symfony/polyfill-ctype/zipball/2edd75b8b35d62fd3eeabba73b26b8f1f60ce13d",
                "reference": "2edd75b8b35d62fd3eeabba73b26b8f1f60ce13d",
                "shasum": ""
            },
            "require": {
                "php": ">=5.3.3"
            },
            "suggest": {
                "ext-ctype": "For best performance"
            },
            "type": "library",
            "extra": {
                "branch-alias": {
                    "dev-master": "1.17-dev"
                },
                "thanks": {
                    "name": "symfony/polyfill",
                    "url": "https://github.com/symfony/polyfill"
                }
            },
            "autoload": {
                "psr-4": {
                    "Symfony\\Polyfill\\Ctype\\": ""
                },
                "files": [
                    "bootstrap.php"
                ]
            },
            "notification-url": "https://packagist.org/downloads/",
            "license": [
                "MIT"
            ],
            "authors": [
                {
                    "name": "Gert de Pagter",
                    "email": "BackEndTea@gmail.com"
                },
                {
                    "name": "Symfony Community",
                    "homepage": "https://symfony.com/contributors"
                }
            ],
            "description": "Symfony polyfill for ctype functions",
            "homepage": "https://symfony.com",
            "keywords": [
                "compatibility",
                "ctype",
                "polyfill",
                "portable"
            ],
            "time": "2020-06-06T08:46:27+00:00"
        },
        {
            "name": "symfony/polyfill-mbstring",
            "version": "v1.17.1",
            "source": {
                "type": "git",
                "url": "https://github.com/symfony/polyfill-mbstring.git",
                "reference": "7110338d81ce1cbc3e273136e4574663627037a7"
            },
            "dist": {
                "type": "zip",
                "url": "https://api.github.com/repos/symfony/polyfill-mbstring/zipball/7110338d81ce1cbc3e273136e4574663627037a7",
                "reference": "7110338d81ce1cbc3e273136e4574663627037a7",
                "shasum": ""
            },
            "require": {
                "php": ">=5.3.3"
            },
            "suggest": {
                "ext-mbstring": "For best performance"
            },
            "type": "library",
            "extra": {
                "branch-alias": {
                    "dev-master": "1.17-dev"
                },
                "thanks": {
                    "name": "symfony/polyfill",
                    "url": "https://github.com/symfony/polyfill"
                }
            },
            "autoload": {
                "psr-4": {
                    "Symfony\\Polyfill\\Mbstring\\": ""
                },
                "files": [
                    "bootstrap.php"
                ]
            },
            "notification-url": "https://packagist.org/downloads/",
            "license": [
                "MIT"
            ],
            "authors": [
                {
                    "name": "Nicolas Grekas",
                    "email": "p@tchwork.com"
                },
                {
                    "name": "Symfony Community",
                    "homepage": "https://symfony.com/contributors"
                }
            ],
            "description": "Symfony polyfill for the Mbstring extension",
            "homepage": "https://symfony.com",
            "keywords": [
                "compatibility",
                "mbstring",
                "polyfill",
                "portable",
                "shim"
            ],
            "time": "2020-06-06T08:46:27+00:00"
        },
        {
            "name": "symfony/polyfill-php73",
            "version": "v1.17.1",
            "source": {
                "type": "git",
                "url": "https://github.com/symfony/polyfill-php73.git",
                "reference": "fa0837fe02d617d31fbb25f990655861bb27bd1a"
            },
            "dist": {
                "type": "zip",
                "url": "https://api.github.com/repos/symfony/polyfill-php73/zipball/fa0837fe02d617d31fbb25f990655861bb27bd1a",
                "reference": "fa0837fe02d617d31fbb25f990655861bb27bd1a",
                "shasum": ""
            },
            "require": {
                "php": ">=5.3.3"
            },
            "type": "library",
            "extra": {
                "branch-alias": {
                    "dev-master": "1.17-dev"
                },
                "thanks": {
                    "name": "symfony/polyfill",
                    "url": "https://github.com/symfony/polyfill"
                }
            },
            "autoload": {
                "psr-4": {
                    "Symfony\\Polyfill\\Php73\\": ""
                },
                "files": [
                    "bootstrap.php"
                ],
                "classmap": [
                    "Resources/stubs"
                ]
            },
            "notification-url": "https://packagist.org/downloads/",
            "license": [
                "MIT"
            ],
            "authors": [
                {
                    "name": "Nicolas Grekas",
                    "email": "p@tchwork.com"
                },
                {
                    "name": "Symfony Community",
                    "homepage": "https://symfony.com/contributors"
                }
            ],
            "description": "Symfony polyfill backporting some PHP 7.3+ features to lower PHP versions",
            "homepage": "https://symfony.com",
            "keywords": [
                "compatibility",
                "polyfill",
                "portable",
                "shim"
            ],
            "time": "2020-06-06T08:46:27+00:00"
        },
        {
            "name": "symfony/polyfill-php80",
            "version": "v1.17.1",
            "source": {
                "type": "git",
                "url": "https://github.com/symfony/polyfill-php80.git",
                "reference": "4a5b6bba3259902e386eb80dd1956181ee90b5b2"
            },
            "dist": {
                "type": "zip",
                "url": "https://api.github.com/repos/symfony/polyfill-php80/zipball/4a5b6bba3259902e386eb80dd1956181ee90b5b2",
                "reference": "4a5b6bba3259902e386eb80dd1956181ee90b5b2",
                "shasum": ""
            },
            "require": {
                "php": ">=7.0.8"
            },
            "type": "library",
            "extra": {
                "branch-alias": {
                    "dev-master": "1.17-dev"
                },
                "thanks": {
                    "name": "symfony/polyfill",
                    "url": "https://github.com/symfony/polyfill"
                }
            },
            "autoload": {
                "psr-4": {
                    "Symfony\\Polyfill\\Php80\\": ""
                },
                "files": [
                    "bootstrap.php"
                ],
                "classmap": [
                    "Resources/stubs"
                ]
            },
            "notification-url": "https://packagist.org/downloads/",
            "license": [
                "MIT"
            ],
            "authors": [
                {
                    "name": "Ion Bazan",
                    "email": "ion.bazan@gmail.com"
                },
                {
                    "name": "Nicolas Grekas",
                    "email": "p@tchwork.com"
                },
                {
                    "name": "Symfony Community",
                    "homepage": "https://symfony.com/contributors"
                }
            ],
            "description": "Symfony polyfill backporting some PHP 8.0+ features to lower PHP versions",
            "homepage": "https://symfony.com",
            "keywords": [
                "compatibility",
                "polyfill",
                "portable",
                "shim"
            ],
            "time": "2020-06-06T08:46:27+00:00"
        },
        {
            "name": "symfony/process",
            "version": "v4.4.10",
            "source": {
                "type": "git",
                "url": "https://github.com/symfony/process.git",
                "reference": "c714958428a85c86ab97e3a0c96db4c4f381b7f5"
            },
            "dist": {
                "type": "zip",
                "url": "https://api.github.com/repos/symfony/process/zipball/c714958428a85c86ab97e3a0c96db4c4f381b7f5",
                "reference": "c714958428a85c86ab97e3a0c96db4c4f381b7f5",
                "shasum": ""
            },
            "require": {
                "php": "^7.1.3"
            },
            "type": "library",
            "extra": {
                "branch-alias": {
                    "dev-master": "4.4-dev"
                }
            },
            "autoload": {
                "psr-4": {
                    "Symfony\\Component\\Process\\": ""
                },
                "exclude-from-classmap": [
                    "/Tests/"
                ]
            },
            "notification-url": "https://packagist.org/downloads/",
            "license": [
                "MIT"
            ],
            "authors": [
                {
                    "name": "Fabien Potencier",
                    "email": "fabien@symfony.com"
                },
                {
                    "name": "Symfony Community",
                    "homepage": "https://symfony.com/contributors"
                }
            ],
            "description": "Symfony Process Component",
            "homepage": "https://symfony.com",
            "time": "2020-05-30T20:06:45+00:00"
        },
        {
            "name": "symfony/service-contracts",
            "version": "v2.1.3",
            "source": {
                "type": "git",
                "url": "https://github.com/symfony/service-contracts.git",
                "reference": "58c7475e5457c5492c26cc740cc0ad7464be9442"
            },
            "dist": {
                "type": "zip",
                "url": "https://api.github.com/repos/symfony/service-contracts/zipball/58c7475e5457c5492c26cc740cc0ad7464be9442",
                "reference": "58c7475e5457c5492c26cc740cc0ad7464be9442",
                "shasum": ""
            },
            "require": {
                "php": ">=7.2.5",
                "psr/container": "^1.0"
            },
            "suggest": {
                "symfony/service-implementation": ""
            },
            "type": "library",
            "extra": {
                "branch-alias": {
                    "dev-master": "2.1-dev"
                },
                "thanks": {
                    "name": "symfony/contracts",
                    "url": "https://github.com/symfony/contracts"
                }
            },
            "autoload": {
                "psr-4": {
                    "Symfony\\Contracts\\Service\\": ""
                }
            },
            "notification-url": "https://packagist.org/downloads/",
            "license": [
                "MIT"
            ],
            "authors": [
                {
                    "name": "Nicolas Grekas",
                    "email": "p@tchwork.com"
                },
                {
                    "name": "Symfony Community",
                    "homepage": "https://symfony.com/contributors"
                }
            ],
            "description": "Generic abstractions related to writing services",
            "homepage": "https://symfony.com",
            "keywords": [
                "abstractions",
                "contracts",
                "decoupling",
                "interfaces",
                "interoperability",
                "standards"
            ],
            "time": "2020-07-06T13:23:11+00:00"
        },
        {
            "name": "symfony/yaml",
            "version": "v4.4.10",
            "source": {
                "type": "git",
                "url": "https://github.com/symfony/yaml.git",
                "reference": "c2d2cc66e892322cfcc03f8f12f8340dbd7a3f8a"
            },
            "dist": {
                "type": "zip",
                "url": "https://api.github.com/repos/symfony/yaml/zipball/c2d2cc66e892322cfcc03f8f12f8340dbd7a3f8a",
                "reference": "c2d2cc66e892322cfcc03f8f12f8340dbd7a3f8a",
                "shasum": ""
            },
            "require": {
                "php": ">=7.1.3",
                "symfony/polyfill-ctype": "~1.8"
            },
            "conflict": {
                "symfony/console": "<3.4"
            },
            "require-dev": {
                "symfony/console": "^3.4|^4.0|^5.0"
            },
            "suggest": {
                "symfony/console": "For validating YAML files using the lint command"
            },
            "type": "library",
            "extra": {
                "branch-alias": {
                    "dev-master": "4.4-dev"
                }
            },
            "autoload": {
                "psr-4": {
                    "Symfony\\Component\\Yaml\\": ""
                },
                "exclude-from-classmap": [
                    "/Tests/"
                ]
            },
            "notification-url": "https://packagist.org/downloads/",
            "license": [
                "MIT"
            ],
            "authors": [
                {
                    "name": "Fabien Potencier",
                    "email": "fabien@symfony.com"
                },
                {
                    "name": "Symfony Community",
                    "homepage": "https://symfony.com/contributors"
                }
            ],
            "description": "Symfony Yaml Component",
            "homepage": "https://symfony.com",
            "time": "2020-05-20T08:37:50+00:00"
        },
        {
            "name": "webmozart/assert",
            "version": "1.9.1",
            "source": {
                "type": "git",
                "url": "https://github.com/webmozart/assert.git",
                "reference": "bafc69caeb4d49c39fd0779086c03a3738cbb389"
            },
            "dist": {
                "type": "zip",
                "url": "https://api.github.com/repos/webmozart/assert/zipball/bafc69caeb4d49c39fd0779086c03a3738cbb389",
                "reference": "bafc69caeb4d49c39fd0779086c03a3738cbb389",
                "shasum": ""
            },
            "require": {
                "php": "^5.3.3 || ^7.0 || ^8.0",
                "symfony/polyfill-ctype": "^1.8"
            },
            "conflict": {
                "phpstan/phpstan": "<0.12.20",
                "vimeo/psalm": "<3.9.1"
            },
            "require-dev": {
                "phpunit/phpunit": "^4.8.36 || ^7.5.13"
            },
            "type": "library",
            "autoload": {
                "psr-4": {
                    "Webmozart\\Assert\\": "src/"
                }
            },
            "notification-url": "https://packagist.org/downloads/",
            "license": [
                "MIT"
            ],
            "authors": [
                {
                    "name": "Bernhard Schussek",
                    "email": "bschussek@gmail.com"
                }
            ],
            "description": "Assertions to validate method input/output with nice error messages.",
            "keywords": [
                "assert",
                "check",
                "validate"
            ],
            "time": "2020-07-08T17:02:28+00:00"
        }
    ],
    "aliases": [],
    "minimum-stability": "stable",
    "stability-flags": [],
    "prefer-stable": false,
    "prefer-lowest": false,
    "platform": {
        "php": "^7.1.0"
    },
    "platform-dev": []
}
