{
    "_readme": [
        "This file locks the dependencies of your project to a known state",
        "Read more about it at https://getcomposer.org/doc/01-basic-usage.md#installing-dependencies",
        "This file is @generated automatically"
    ],
    "content-hash": "0e40daa5d9945ec93abfe28b52505c4f",
    "packages": [
        {
            "name": "monolog/monolog",
            "version": "3.5.0",
            "source": {
                "type": "git",
                "url": "https://github.com/Seldaek/monolog.git",
                "reference": "c915e2634718dbc8a4a15c61b0e62e7a44e14448"
            },
            "dist": {
                "type": "zip",
                "url": "https://api.github.com/repos/Seldaek/monolog/zipball/c915e2634718dbc8a4a15c61b0e62e7a44e14448",
                "reference": "c915e2634718dbc8a4a15c61b0e62e7a44e14448",
                "shasum": ""
            },
            "require": {
                "php": ">=8.1",
                "psr/log": "^2.0 || ^3.0"
            },
            "provide": {
                "psr/log-implementation": "3.0.0"
            },
            "require-dev": {
                "aws/aws-sdk-php": "^3.0",
                "doctrine/couchdb": "~1.0@dev",
                "elasticsearch/elasticsearch": "^7 || ^8",
                "ext-json": "*",
                "graylog2/gelf-php": "^1.4.2 || ^2.0",
                "guzzlehttp/guzzle": "^7.4.5",
                "guzzlehttp/psr7": "^2.2",
                "mongodb/mongodb": "^1.8",
                "php-amqplib/php-amqplib": "~2.4 || ^3",
                "phpstan/phpstan": "^1.9",
                "phpstan/phpstan-deprecation-rules": "^1.0",
                "phpstan/phpstan-strict-rules": "^1.4",
                "phpunit/phpunit": "^10.1",
                "predis/predis": "^1.1 || ^2",
                "ruflin/elastica": "^7",
                "symfony/mailer": "^5.4 || ^6",
                "symfony/mime": "^5.4 || ^6"
            },
            "suggest": {
                "aws/aws-sdk-php": "Allow sending log messages to AWS services like DynamoDB",
                "doctrine/couchdb": "Allow sending log messages to a CouchDB server",
                "elasticsearch/elasticsearch": "Allow sending log messages to an Elasticsearch server via official client",
                "ext-amqp": "Allow sending log messages to an AMQP server (1.0+ required)",
                "ext-curl": "Required to send log messages using the IFTTTHandler, the LogglyHandler, the SendGridHandler, the SlackWebhookHandler or the TelegramBotHandler",
                "ext-mbstring": "Allow to work properly with unicode symbols",
                "ext-mongodb": "Allow sending log messages to a MongoDB server (via driver)",
                "ext-openssl": "Required to send log messages using SSL",
                "ext-sockets": "Allow sending log messages to a Syslog server (via UDP driver)",
                "graylog2/gelf-php": "Allow sending log messages to a GrayLog2 server",
                "mongodb/mongodb": "Allow sending log messages to a MongoDB server (via library)",
                "php-amqplib/php-amqplib": "Allow sending log messages to an AMQP server using php-amqplib",
                "rollbar/rollbar": "Allow sending log messages to Rollbar",
                "ruflin/elastica": "Allow sending log messages to an Elastic Search server"
            },
            "type": "library",
            "extra": {
                "branch-alias": {
                    "dev-main": "3.x-dev"
                }
            },
            "autoload": {
                "psr-4": {
                    "Monolog\\": "src/Monolog"
                }
            },
            "notification-url": "https://packagist.org/downloads/",
            "license": [
                "MIT"
            ],
            "authors": [
                {
                    "name": "Jordi Boggiano",
                    "email": "j.boggiano@seld.be",
                    "homepage": "https://seld.be"
                }
            ],
            "description": "Sends your logs to files, sockets, inboxes, databases and various web services",
            "homepage": "https://github.com/Seldaek/monolog",
            "keywords": [
                "log",
                "logging",
                "psr-3"
            ],
            "support": {
                "issues": "https://github.com/Seldaek/monolog/issues",
                "source": "https://github.com/Seldaek/monolog/tree/3.5.0"
            },
            "funding": [
                {
                    "url": "https://github.com/Seldaek",
                    "type": "github"
                },
                {
                    "url": "https://tidelift.com/funding/github/packagist/monolog/monolog",
                    "type": "tidelift"
                }
            ],
            "time": "2023-10-27T15:32:31+00:00"
        },
        {
            "name": "psr/log",
            "version": "3.0.0",
            "source": {
                "type": "git",
                "url": "https://github.com/php-fig/log.git",
                "reference": "fe5ea303b0887d5caefd3d431c3e61ad47037001"
            },
            "dist": {
                "type": "zip",
                "url": "https://api.github.com/repos/php-fig/log/zipball/fe5ea303b0887d5caefd3d431c3e61ad47037001",
                "reference": "fe5ea303b0887d5caefd3d431c3e61ad47037001",
                "shasum": ""
            },
            "require": {
                "php": ">=8.0.0"
            },
            "type": "library",
            "extra": {
                "branch-alias": {
                    "dev-master": "3.x-dev"
                }
            },
            "autoload": {
                "psr-4": {
                    "Psr\\Log\\": "src"
                }
            },
            "notification-url": "https://packagist.org/downloads/",
            "license": [
                "MIT"
            ],
            "authors": [
                {
                    "name": "PHP-FIG",
                    "homepage": "https://www.php-fig.org/"
                }
            ],
            "description": "Common interface for logging libraries",
            "homepage": "https://github.com/php-fig/log",
            "keywords": [
                "log",
                "psr",
                "psr-3"
            ],
            "support": {
                "source": "https://github.com/php-fig/log/tree/3.0.0"
            },
            "time": "2021-07-14T16:46:02+00:00"
        }
    ],
    "packages-dev": [
        {
            "name": "hamcrest/hamcrest-php",
            "version": "v2.0.1",
            "source": {
                "type": "git",
                "url": "https://github.com/hamcrest/hamcrest-php.git",
                "reference": "8c3d0a3f6af734494ad8f6fbbee0ba92422859f3"
            },
            "dist": {
                "type": "zip",
                "url": "https://api.github.com/repos/hamcrest/hamcrest-php/zipball/8c3d0a3f6af734494ad8f6fbbee0ba92422859f3",
                "reference": "8c3d0a3f6af734494ad8f6fbbee0ba92422859f3",
                "shasum": ""
            },
            "require": {
                "php": "^5.3|^7.0|^8.0"
            },
            "replace": {
                "cordoval/hamcrest-php": "*",
                "davedevelopment/hamcrest-php": "*",
                "kodova/hamcrest-php": "*"
            },
            "require-dev": {
                "phpunit/php-file-iterator": "^1.4 || ^2.0",
                "phpunit/phpunit": "^4.8.36 || ^5.7 || ^6.5 || ^7.0"
            },
            "type": "library",
            "extra": {
                "branch-alias": {
                    "dev-master": "2.1-dev"
                }
            },
            "autoload": {
                "classmap": [
                    "hamcrest"
                ]
            },
            "notification-url": "https://packagist.org/downloads/",
            "license": [
                "BSD-3-Clause"
            ],
            "description": "This is the PHP port of Hamcrest Matchers",
            "keywords": [
                "test"
            ],
            "support": {
                "issues": "https://github.com/hamcrest/hamcrest-php/issues",
                "source": "https://github.com/hamcrest/hamcrest-php/tree/v2.0.1"
            },
            "time": "2020-07-09T08:09:16+00:00"
        },
        {
            "name": "mockery/mockery",
            "version": "1.6.6",
            "source": {
                "type": "git",
                "url": "https://github.com/mockery/mockery.git",
                "reference": "b8e0bb7d8c604046539c1115994632c74dcb361e"
            },
            "dist": {
                "type": "zip",
                "url": "https://api.github.com/repos/mockery/mockery/zipball/b8e0bb7d8c604046539c1115994632c74dcb361e",
                "reference": "b8e0bb7d8c604046539c1115994632c74dcb361e",
                "shasum": ""
            },
            "require": {
                "hamcrest/hamcrest-php": "^2.0.1",
                "lib-pcre": ">=7.0",
                "php": ">=7.3"
            },
            "conflict": {
                "phpunit/phpunit": "<8.0"
            },
            "require-dev": {
                "phpunit/phpunit": "^8.5 || ^9.6.10",
                "psalm/plugin-phpunit": "^0.18.4",
                "symplify/easy-coding-standard": "^11.5.0",
                "vimeo/psalm": "^4.30"
            },
            "type": "library",
            "autoload": {
                "files": [
                    "library/helpers.php",
                    "library/Mockery.php"
                ],
                "psr-4": {
                    "Mockery\\": "library/Mockery"
                }
            },
            "notification-url": "https://packagist.org/downloads/",
            "license": [
                "BSD-3-Clause"
            ],
            "authors": [
                {
                    "name": "Pádraic Brady",
                    "email": "padraic.brady@gmail.com",
                    "homepage": "https://github.com/padraic",
                    "role": "Author"
                },
                {
                    "name": "Dave Marshall",
                    "email": "dave.marshall@atstsolutions.co.uk",
                    "homepage": "https://davedevelopment.co.uk",
                    "role": "Developer"
                },
                {
                    "name": "Nathanael Esayeas",
                    "email": "nathanael.esayeas@protonmail.com",
                    "homepage": "https://github.com/ghostwriter",
                    "role": "Lead Developer"
                }
            ],
            "description": "Mockery is a simple yet flexible PHP mock object framework",
            "homepage": "https://github.com/mockery/mockery",
            "keywords": [
                "BDD",
                "TDD",
                "library",
                "mock",
                "mock objects",
                "mockery",
                "stub",
                "test",
                "test double",
                "testing"
            ],
            "support": {
                "docs": "https://docs.mockery.io/",
                "issues": "https://github.com/mockery/mockery/issues",
                "rss": "https://github.com/mockery/mockery/releases.atom",
                "security": "https://github.com/mockery/mockery/security/advisories",
                "source": "https://github.com/mockery/mockery"
            },
            "time": "2023-08-09T00:03:52+00:00"
        }
    ],
    "aliases": [],
    "minimum-stability": "stable",
    "stability-flags": [],
    "prefer-stable": false,
    "prefer-lowest": false,
    "platform": [],
    "platform-dev": [],
    "plugin-api-version": "2.6.0"
}
